
Microsoft Visual Studio Solution File, Format Version 12.00
# Visual Studio 15
VisualStudioVersion = 15.0.28307.421
MinimumVisualStudioVersion = 10.0.40219.1
Project("{FAE04EC0-301F-11D3-BF4B-00C04F79EFBC}") = "CodeFirstNewDatabaseSample", "..\CodeFirstNewDatabaseSample\CodeFirstNewDatabaseSample.csproj", "{04C43B41-DBE5-4D89-9699-2CF0784ABCFF}"
EndProject
Global
	GlobalSection(SolutionConfigurationPlatforms) = preSolution
		Debug|Any CPU = Debug|Any CPU
		Release|Any CPU = Release|Any CPU
	EndGlobalSection
	GlobalSection(ProjectConfigurationPlatforms) = postSolution
		{04C43B41-DBE5-4D89-9699-2CF0784ABCFF}.Debug|Any CPU.ActiveCfg = Debug|Any CPU
		{04C43B41-DBE5-4D89-9699-2CF0784ABCFF}.Debug|Any CPU.Build.0 = Debug|Any CPU
		{04C43B41-DBE5-4D89-9699-2CF0784ABCFF}.Release|Any CPU.ActiveCfg = Release|Any CPU
		{04C43B41-DBE5-4D89-9699-2CF0784ABCFF}.Release|Any CPU.Build.0 = Release|Any CPU
	EndGlobalSection
	GlobalSection(SolutionProperties) = preSolution
		HideSolutionNode = FALSE
	EndGlobalSection
	GlobalSection(ExtensibilityGlobals) = postSolution
		SolutionGuid = {1037693D-4A49-4513-A6AF-0973CC0C8AA8}
	EndGlobalSection
EndGlobal
